
Microsoft Visual Studio Solution File, Format Version 12.00
# Visual Studio Version 17
VisualStudioVersion = 17.1.32228.430
MinimumVisualStudioVersion = 10.0.40219.1
Project("{FAE04EC0-301F-11D3-BF4B-00C04F79EFBC}") = "Duck", "Duck\Duck.csproj", "{3AE0EDA0-1BCC-4EB5-A9FB-53A20F8153A4}"
EndProject
Global
	GlobalSection(SolutionConfigurationPlatforms) = preSolution
		Debug|Any CPU = Debug|Any CPU
		Release|Any CPU = Release|Any CPU
	EndGlobalSection
	GlobalSection(ProjectConfigurationPlatforms) = postSolution
		{3AE0EDA0-1BCC-4EB5-A9FB-53A20F8153A4}.Debug|Any CPU.ActiveCfg = Debug|Any CPU
		{3AE0EDA0-1BCC-4EB5-A9FB-53A20F8153A4}.Debug|Any CPU.Build.0 = Debug|Any CPU
		{3AE0EDA0-1BCC-4EB5-A9FB-53A20F8153A4}.Release|Any CPU.ActiveCfg = Release|Any CPU
		{3AE0EDA0-1BCC-4EB5-A9FB-53A20F8153A4}.Release|Any CPU.Build.0 = Release|Any CPU
	EndGlobalSection
	GlobalSection(SolutionProperties) = preSolution
		HideSolutionNode = FALSE
	EndGlobalSection
	GlobalSection(ExtensibilityGlobals) = postSolution
		SolutionGuid = {F4160A93-6A61-4D99-B455-AD428ECA1AAE}
	EndGlobalSection
EndGlobal
